
Microsoft Visual Studio Solution File, Format Version 12.00
Project("{FAE04EC0-301F-11D3-BF4B-00C04F79EFBC}") = "Domain", "Domain\Domain.csproj", "{C559D78A-59EC-41BE-A72D-066A4843B0D9}"
EndProject
Project("{FAE04EC0-301F-11D3-BF4B-00C04F79EFBC}") = "Application", "Application\Application.csproj", "{C452E454-A4DC-45DD-B04D-1F186DDB19CD}"
EndProject
Project("{2150E333-8FDC-42A3-9474-1A3956D46DE8}") = "Infrastructure", "Infrastructure", "{5D9ABB8C-3142-40D2-9606-0CAD385BE1E2}"
EndProject
Project("{FAE04EC0-301F-11D3-BF4B-00C04F79EFBC}") = "Dal", "Dal\Dal.csproj", "{1A27A7CD-08EE-4202-9943-2ED341CE5F68}"
EndProject
Project("{FAE04EC0-301F-11D3-BF4B-00C04F79EFBC}") = "Domain.Tests", "Domain.Tests\Domain.Tests.csproj", "{2E71DCDB-B06A-42E1-8A08-B73DE2A7C585}"
EndProject
Project("{FAE04EC0-301F-11D3-BF4B-00C04F79EFBC}") = "Application.Tests", "Application.Tests\Application.Tests.csproj", "{F992397D-6896-443A-8677-271AD8CEAFBD}"
EndProject
Project("{2150E333-8FDC-42A3-9474-1A3956D46DE8}") = "Application", "Application", "{674CB5FB-310E-443C-A55A-97B85E7112B8}"
EndProject
Project("{2150E333-8FDC-42A3-9474-1A3956D46DE8}") = "Domain", "Domain", "{D7CB51E2-EEB7-4361-B091-0C115EAA4915}"
EndProject
Global
	GlobalSection(SolutionConfigurationPlatforms) = preSolution
		Debug|Any CPU = Debug|Any CPU
		Release|Any CPU = Release|Any CPU
	EndGlobalSection
	GlobalSection(ProjectConfigurationPlatforms) = postSolution
		{C559D78A-59EC-41BE-A72D-066A4843B0D9}.Debug|Any CPU.ActiveCfg = Debug|Any CPU
		{C559D78A-59EC-41BE-A72D-066A4843B0D9}.Debug|Any CPU.Build.0 = Debug|Any CPU
		{C559D78A-59EC-41BE-A72D-066A4843B0D9}.Release|Any CPU.ActiveCfg = Release|Any CPU
		{C559D78A-59EC-41BE-A72D-066A4843B0D9}.Release|Any CPU.Build.0 = Release|Any CPU
		{C452E454-A4DC-45DD-B04D-1F186DDB19CD}.Debug|Any CPU.ActiveCfg = Debug|Any CPU
		{C452E454-A4DC-45DD-B04D-1F186DDB19CD}.Debug|Any CPU.Build.0 = Debug|Any CPU
		{C452E454-A4DC-45DD-B04D-1F186DDB19CD}.Release|Any CPU.ActiveCfg = Release|Any CPU
		{C452E454-A4DC-45DD-B04D-1F186DDB19CD}.Release|Any CPU.Build.0 = Release|Any CPU
		{1A27A7CD-08EE-4202-9943-2ED341CE5F68}.Debug|Any CPU.ActiveCfg = Debug|Any CPU
		{1A27A7CD-08EE-4202-9943-2ED341CE5F68}.Debug|Any CPU.Build.0 = Debug|Any CPU
		{1A27A7CD-08EE-4202-9943-2ED341CE5F68}.Release|Any CPU.ActiveCfg = Release|Any CPU
		{1A27A7CD-08EE-4202-9943-2ED341CE5F68}.Release|Any CPU.Build.0 = Release|Any CPU
		{2E71DCDB-B06A-42E1-8A08-B73DE2A7C585}.Debug|Any CPU.ActiveCfg = Debug|Any CPU
		{2E71DCDB-B06A-42E1-8A08-B73DE2A7C585}.Debug|Any CPU.Build.0 = Debug|Any CPU
		{2E71DCDB-B06A-42E1-8A08-B73DE2A7C585}.Release|Any CPU.ActiveCfg = Release|Any CPU
		{2E71DCDB-B06A-42E1-8A08-B73DE2A7C585}.Release|Any CPU.Build.0 = Release|Any CPU
		{F992397D-6896-443A-8677-271AD8CEAFBD}.Debug|Any CPU.ActiveCfg = Debug|Any CPU
		{F992397D-6896-443A-8677-271AD8CEAFBD}.Debug|Any CPU.Build.0 = Debug|Any CPU
		{F992397D-6896-443A-8677-271AD8CEAFBD}.Release|Any CPU.ActiveCfg = Release|Any CPU
		{F992397D-6896-443A-8677-271AD8CEAFBD}.Release|Any CPU.Build.0 = Release|Any CPU
	EndGlobalSection
	GlobalSection(NestedProjects) = preSolution
		{1A27A7CD-08EE-4202-9943-2ED341CE5F68} = {5D9ABB8C-3142-40D2-9606-0CAD385BE1E2}
		{C452E454-A4DC-45DD-B04D-1F186DDB19CD} = {674CB5FB-310E-443C-A55A-97B85E7112B8}
		{F992397D-6896-443A-8677-271AD8CEAFBD} = {674CB5FB-310E-443C-A55A-97B85E7112B8}
		{C559D78A-59EC-41BE-A72D-066A4843B0D9} = {D7CB51E2-EEB7-4361-B091-0C115EAA4915}
		{2E71DCDB-B06A-42E1-8A08-B73DE2A7C585} = {D7CB51E2-EEB7-4361-B091-0C115EAA4915}
	EndGlobalSection
EndGlobal
